// !$*UTF8*$!
{
	archiveVersion = 1;
	classes = {
	};
	objectVersion = 77;
	objects = {

/* Begin PBXBuildFile section */
		DB2E03DB2CFDB169006870E4 /* AppDelegate.m in Sources */ = {isa = PBXBuildFile; fileRef = DB2E03D22CFDB169006870E4 /* AppDelegate.m */; };
		DB2E03DC2CFDB169006870E4 /* main.m in Sources */ = {isa = PBXBuildFile; fileRef = DB2E03D42CFDB169006870E4 /* main.m */; };
		DB2E03DD2CFDB169006870E4 /* ViewController.m in Sources */ = {isa = PBXBuildFile; fileRef = DB2E03D82CFDB169006870E4 /* ViewController.m */; };
		DB2E03DE2CFDB169006870E4 /* Assets.xcassets in Resources */ = {isa = PBXBuildFile; fileRef = DB2E03D32CFDB169006870E4 /* Assets.xcassets */; };
		DB2E03DF2CFDB169006870E4 /* Main.storyboard in Resources */ = {isa = PBXBuildFile; fileRef = DB2E03D62CFDB169006870E4 /* Main.storyboard */; };
		DB2E03E42CFDB1C9006870E4 /* JsonOConvertController.m in Sources */ = {isa = PBXBuildFile; fileRef = DB2E03E32CFDB1C9006870E4 /* JsonOConvertController.m */; };
/* End PBXBuildFile section */

/* Begin PBXFileReference section */
		DB2E03992CFDB13D006870E4 /* XiaoToolKit.app */ = {isa = PBXFileReference; explicitFileType = wrapper.application; includeInIndex = 0; path = XiaoToolKit.app; sourceTree = BUILT_PRODUCTS_DIR; };
		DB2E03D12CFDB169006870E4 /* AppDelegate.h */ = {isa = PBXFileReference; lastKnownFileType = sourcecode.c.h; path = AppDelegate.h; sourceTree = "<group>"; };
		DB2E03D22CFDB169006870E4 /* AppDelegate.m */ = {isa = PBXFileReference; lastKnownFileType = sourcecode.c.objc; path = AppDelegate.m; sourceTree = "<group>"; };
		DB2E03D32CFDB169006870E4 /* Assets.xcassets */ = {isa = PBXFileReference; lastKnownFileType = folder.assetcatalog; path = Assets.xcassets; sourceTree = "<group>"; };
		DB2E03D42CFDB169006870E4 /* main.m */ = {isa = PBXFileReference; lastKnownFileType = sourcecode.c.objc; path = main.m; sourceTree = "<group>"; };
		DB2E03D52CFDB169006870E4 /* Base */ = {isa = PBXFileReference; lastKnownFileType = file.storyboard; name = Base; path = Base.lproj/Main.storyboard; sourceTree = "<group>"; };
		DB2E03D72CFDB169006870E4 /* ViewController.h */ = {isa = PBXFileReference; lastKnownFileType = sourcecode.c.h; path = ViewController.h; sourceTree = "<group>"; };
		DB2E03D82CFDB169006870E4 /* ViewController.m */ = {isa = PBXFileReference; lastKnownFileType = sourcecode.c.objc; path = ViewController.m; sourceTree = "<group>"; };
		DB2E03D92CFDB169006870E4 /* XiaoToolKit.entitlements */ = {isa = PBXFileReference; lastKnownFileType = text.plist.entitlements; path = XiaoToolKit.entitlements; sourceTree = "<group>"; };
		DB2E03E22CFDB1C9006870E4 /* JsonOConvertController.h */ = {isa = PBXFileReference; lastKnownFileType = sourcecode.c.h; path = JsonOConvertController.h; sourceTree = "<group>"; };
		DB2E03E32CFDB1C9006870E4 /* JsonOConvertController.m */ = {isa = PBXFileReference; lastKnownFileType = sourcecode.c.objc; path = JsonOConvertController.m; sourceTree = "<group>"; };
/* End PBXFileReference section */

/* Begin PBXFrameworksBuildPhase section */
		DB2E03962CFDB13D006870E4 /* Frameworks */ = {
			isa = PBXFrameworksBuildPhase;
			buildActionMask = 2147483647;
			files = (
			);
			runOnlyForDeploymentPostprocessing = 0;
		};
/* End PBXFrameworksBuildPhase section */

/* Begin PBXGroup section */
		DB2E03902CFDB13D006870E4 = {
			isa = PBXGroup;
			children = (
				DB2E03DA2CFDB169006870E4 /* XiaoToolKit */,
				DB2E039A2CFDB13D006870E4 /* Products */,
			);
			sourceTree = "<group>";
		};
		DB2E039A2CFDB13D006870E4 /* Products */ = {
			isa = PBXGroup;
			children = (
				DB2E03992CFDB13D006870E4 /* XiaoToolKit.app */,
			);
			name = Products;
			sourceTree = "<group>";
		};
		DB2E03DA2CFDB169006870E4 /* XiaoToolKit */ = {
			isa = PBXGroup;
			children = (
				DB2E03E12CFDB177006870E4 /* OC-Json */,
				DB2E03D12CFDB169006870E4 /* AppDelegate.h */,
				DB2E03D22CFDB169006870E4 /* AppDelegate.m */,
				DB2E03D32CFDB169006870E4 /* Assets.xcassets */,
				DB2E03D42CFDB169006870E4 /* main.m */,
				DB2E03D62CFDB169006870E4 /* Main.storyboard */,
				DB2E03D72CFDB169006870E4 /* ViewController.h */,
				DB2E03D82CFDB169006870E4 /* ViewController.m */,
				DB2E03D92CFDB169006870E4 /* XiaoToolKit.entitlements */,
			);
			path = XiaoToolKit;
			sourceTree = "<group>";
		};
		DB2E03E12CFDB177006870E4 /* OC-Json */ = {
			isa = PBXGroup;
			children = (
				DB2E03E22CFDB1C9006870E4 /* JsonOConvertController.h */,
				DB2E03E32CFDB1C9006870E4 /* JsonOConvertController.m */,
			);
			path = "OC-Json";
			sourceTree = "<group>";
		};
/* End PBXGroup section */

/* Begin PBXNativeTarget section */
		DB2E03982CFDB13D006870E4 /* XiaoToolKit */ = {
			isa = PBXNativeTarget;
			buildConfigurationList = DB2E03AC2CFDB13E006870E4 /* Build configuration list for PBXNativeTarget "XiaoToolKit" */;
			buildPhases = (
				DB2E03952CFDB13D006870E4 /* Sources */,
				DB2E03962CFDB13D006870E4 /* Frameworks */,
				DB2E03972CFDB13D006870E4 /* Resources */,
			);
			buildRules = (
			);
			dependencies = (
			);
			name = XiaoToolKit;
			packageProductDependencies = (
			);
			productName = XiaoToolKit;
			productReference = DB2E03992CFDB13D006870E4 /* XiaoToolKit.app */;
			productType = "com.apple.product-type.application";
		};
/* End PBXNativeTarget section */

/* Begin PBXProject section */
		DB2E03912CFDB13D006870E4 /* Project object */ = {
			isa = PBXProject;
			attributes = {
				BuildIndependentTargetsInParallel = 1;
				LastUpgradeCheck = 1610;
				TargetAttributes = {
					DB2E03982CFDB13D006870E4 = {
						CreatedOnToolsVersion = 16.1;
					};
				};
			};
			buildConfigurationList = DB2E03942CFDB13D006870E4 /* Build configuration list for PBXProject "XiaoToolKit" */;
			developmentRegion = en;
			hasScannedForEncodings = 0;
			knownRegions = (
				en,
				Base,
			);
			mainGroup = DB2E03902CFDB13D006870E4;
			minimizedProjectReferenceProxies = 1;
			preferredProjectObjectVersion = 77;
			productRefGroup = DB2E039A2CFDB13D006870E4 /* Products */;
			projectDirPath = "";
			projectRoot = "";
			targets = (
				DB2E03982CFDB13D006870E4 /* XiaoToolKit */,
			);
		};
/* End PBXProject section */

/* Begin PBXResourcesBuildPhase section */
		DB2E03972CFDB13D006870E4 /* Resources */ = {
			isa = PBXResourcesBuildPhase;
			buildActionMask = 2147483647;
			files = (
				DB2E03DE2CFDB169006870E4 /* Assets.xcassets in Resources */,
				DB2E03DF2CFDB169006870E4 /* Main.storyboard in Resources */,
			);
			runOnlyForDeploymentPostprocessing = 0;
		};
/* End PBXResourcesBuildPhase section */

/* Begin PBXSourcesBuildPhase section */
		DB2E03952CFDB13D006870E4 /* Sources */ = {
			isa = PBXSourcesBuildPhase;
			buildActionMask = 2147483647;
			files = (
				DB2E03DB2CFDB169006870E4 /* AppDelegate.m in Sources */,
				DB2E03E42CFDB1C9006870E4 /* JsonOConvertController.m in Sources */,
				DB2E03DC2CFDB169006870E4 /* main.m in Sources */,
				DB2E03DD2CFDB169006870E4 /* ViewController.m in Sources */,
			);
			runOnlyForDeploymentPostprocessing = 0;
		};
/* End PBXSourcesBuildPhase section */

/* Begin PBXVariantGroup section */
		DB2E03D62CFDB169006870E4 /* Main.storyboard */ = {
			isa = PBXVariantGroup;
			children = (
				DB2E03D52CFDB169006870E4 /* Base */,
			);
			name = Main.storyboard;
			sourceTree = "<group>";
		};
/* End PBXVariantGroup section */

/* Begin XCBuildConfiguration section */
		DB2E03AA2CFDB13E006870E4 /* Debug */ = {
			isa = XCBuildConfiguration;
			buildSettings = {
				ALWAYS_SEARCH_USER_PATHS = NO;
				ASSETCATALOG_COMPILER_GENERATE_SWIFT_ASSET_SYMBOL_EXTENSIONS = YES;
				CLANG_ANALYZER_NONNULL = YES;
				CLANG_ANALYZER_NUMBER_OBJECT_CONVERSION = YES_AGGRESSIVE;
				CLANG_CXX_LANGUAGE_STANDARD = "gnu++20";
				CLANG_ENABLE_MODULES = YES;
				CLANG_ENABLE_OBJC_ARC = YES;
				CLANG_ENABLE_OBJC_WEAK = YES;
				CLANG_WARN_BLOCK_CAPTURE_AUTORELEASING = YES;
				CLANG_WARN_BOOL_CONVERSION = YES;
				CLANG_WARN_COMMA = YES;
				CLANG_WARN_CONSTANT_CONVERSION = YES;
				CLANG_WARN_DEPRECATED_OBJC_IMPLEMENTATIONS = YES;
				CLANG_WARN_DIRECT_OBJC_ISA_USAGE = YES_ERROR;
				CLANG_WARN_DOCUMENTATION_COMMENTS = YES;
				CLANG_WARN_EMPTY_BODY = YES;
				CLANG_WARN_ENUM_CONVERSION = YES;
				CLANG_WARN_INFINITE_RECURSION = YES;
				CLANG_WARN_INT_CONVERSION = YES;
				CLANG_WARN_NON_LITERAL_NULL_CONVERSION = YES;
				CLANG_WARN_OBJC_IMPLICIT_RETAIN_SELF = YES;
				CLANG_WARN_OBJC_LITERAL_CONVERSION = YES;
				CLANG_WARN_OBJC_ROOT_CLASS = YES_ERROR;
				CLANG_WARN_QUOTED_INCLUDE_IN_FRAMEWORK_HEADER = YES;
				CLANG_WARN_RANGE_LOOP_ANALYSIS = YES;
				CLANG_WARN_STRICT_PROTOTYPES = YES;
				CLANG_WARN_SUSPICIOUS_MOVE = YES;
				CLANG_WARN_UNGUARDED_AVAILABILITY = YES_AGGRESSIVE;
				CLANG_WARN_UNREACHABLE_CODE = YES;
				CLANG_WARN__DUPLICATE_METHOD_MATCH = YES;
				COPY_PHASE_STRIP = NO;
				DEBUG_INFORMATION_FORMAT = dwarf;
				ENABLE_STRICT_OBJC_MSGSEND = YES;
				ENABLE_TESTABILITY = YES;
				ENABLE_USER_SCRIPT_SANDBOXING = YES;
				GCC_C_LANGUAGE_STANDARD = gnu17;
				GCC_DYNAMIC_NO_PIC = NO;
				GCC_NO_COMMON_BLOCKS = YES;
				GCC_OPTIMIZATION_LEVEL = 0;
				GCC_PREPROCESSOR_DEFINITIONS = (
					"DEBUG=1",
					"$(inherited)",
				);
				GCC_WARN_64_TO_32_BIT_CONVERSION = YES;
				GCC_WARN_ABOUT_RETURN_TYPE = YES_ERROR;
				GCC_WARN_UNDECLARED_SELECTOR = YES;
				GCC_WARN_UNINITIALIZED_AUTOS = YES_AGGRESSIVE;
				GCC_WARN_UNUSED_FUNCTION = YES;
				GCC_WARN_UNUSED_VARIABLE = YES;
				LOCALIZATION_PREFERS_STRING_CATALOGS = YES;
				MACOSX_DEPLOYMENT_TARGET = 15.1;
				MTL_ENABLE_DEBUG_INFO = INCLUDE_SOURCE;
				MTL_FAST_MATH = YES;
				ONLY_ACTIVE_ARCH = YES;
				SDKROOT = macosx;
			};
			name = Debug;
		};
		DB2E03AB2CFDB13E006870E4 /* Release */ = {
			isa = XCBuildConfiguration;
			buildSettings = {
				ALWAYS_SEARCH_USER_PATHS = NO;
				ASSETCATALOG_COMPILER_GENERATE_SWIFT_ASSET_SYMBOL_EXTENSIONS = YES;
				CLANG_ANALYZER_NONNULL = YES;
				CLANG_ANALYZER_NUMBER_OBJECT_CONVERSION = YES_AGGRESSIVE;
				CLANG_CXX_LANGUAGE_STANDARD = "gnu++20";
				CLANG_ENABLE_MODULES = YES;
				CLANG_ENABLE_OBJC_ARC = YES;
				CLANG_ENABLE_OBJC_WEAK = YES;
				CLANG_WARN_BLOCK_CAPTURE_AUTORELEASING = YES;
				CLANG_WARN_BOOL_CONVERSION = YES;
				CLANG_WARN_COMMA = YES;
				CLANG_WARN_CONSTANT_CONVERSION = YES;
				CLANG_WARN_DEPRECATED_OBJC_IMPLEMENTATIONS = YES;
				CLANG_WARN_DIRECT_OBJC_ISA_USAGE = YES_ERROR;
				CLANG_WARN_DOCUMENTATION_COMMENTS = YES;
				CLANG_WARN_EMPTY_BODY = YES;
				CLANG_WARN_ENUM_CONVERSION = YES;
				CLANG_WARN_INFINITE_RECURSION = YES;
				CLANG_WARN_INT_CONVERSION = YES;
				CLANG_WARN_NON_LITERAL_NULL_CONVERSION = YES;
				CLANG_WARN_OBJC_IMPLICIT_RETAIN_SELF = YES;
				CLANG_WARN_OBJC_LITERAL_CONVERSION = YES;
				CLANG_WARN_OBJC_ROOT_CLASS = YES_ERROR;
				CLANG_WARN_QUOTED_INCLUDE_IN_FRAMEWORK_HEADER = YES;
				CLANG_WARN_RANGE_LOOP_ANALYSIS = YES;
				CLANG_WARN_STRICT_PROTOTYPES = YES;
				CLANG_WARN_SUSPICIOUS_MOVE = YES;
				CLANG_WARN_UNGUARDED_AVAILABILITY = YES_AGGRESSIVE;
				CLANG_WARN_UNREACHABLE_CODE = YES;
				CLANG_WARN__DUPLICATE_METHOD_MATCH = YES;
				COPY_PHASE_STRIP = NO;
				DEBUG_INFORMATION_FORMAT = "dwarf-with-dsym";
				ENABLE_NS_ASSERTIONS = NO;
				ENABLE_STRICT_OBJC_MSGSEND = YES;
				ENABLE_USER_SCRIPT_SANDBOXING = YES;
				GCC_C_LANGUAGE_STANDARD = gnu17;
				GCC_NO_COMMON_BLOCKS = YES;
				GCC_WARN_64_TO_32_BIT_CONVERSION = YES;
				GCC_WARN_ABOUT_RETURN_TYPE = YES_ERROR;
				GCC_WARN_UNDECLARED_SELECTOR = YES;
				GCC_WARN_UNINITIALIZED_AUTOS = YES_AGGRESSIVE;
				GCC_WARN_UNUSED_FUNCTION = YES;
				GCC_WARN_UNUSED_VARIABLE = YES;
				LOCALIZATION_PREFERS_STRING_CATALOGS = YES;
				MACOSX_DEPLOYMENT_TARGET = 15.1;
				MTL_ENABLE_DEBUG_INFO = NO;
				MTL_FAST_MATH = YES;
				SDKROOT = macosx;
			};
			name = Release;
		};
		DB2E03AD2CFDB13E006870E4 /* Debug */ = {
			isa = XCBuildConfiguration;
			buildSettings = {
				ASSETCATALOG_COMPILER_APPICON_NAME = AppIcon;
				ASSETCATALOG_COMPILER_GLOBAL_ACCENT_COLOR_NAME = AccentColor;
				CODE_SIGN_ENTITLEMENTS = XiaoToolKit/XiaoToolKit.entitlements;
				CODE_SIGN_STYLE = Automatic;
				COMBINE_HIDPI_IMAGES = YES;
				CURRENT_PROJECT_VERSION = 1;
				GENERATE_INFOPLIST_FILE = YES;
				INFOPLIST_KEY_NSHumanReadableCopyright = "";
				INFOPLIST_KEY_NSMainStoryboardFile = Main;
				INFOPLIST_KEY_NSPrincipalClass = NSApplication;
				LD_RUNPATH_SEARCH_PATHS = (
					"$(inherited)",
					"@executable_path/../Frameworks",
				);
				MARKETING_VERSION = 1.0;
				PRODUCT_BUNDLE_IDENTIFIER = com.xhl.XiaoToolKit;
				PRODUCT_NAME = "$(TARGET_NAME)";
				SWIFT_EMIT_LOC_STRINGS = YES;
			};
			name = Debug;
		};
		DB2E03AE2CFDB13E006870E4 /* Release */ = {
			isa = XCBuildConfiguration;
			buildSettings = {
				ASSETCATALOG_COMPILER_APPICON_NAME = AppIcon;
				ASSETCATALOG_COMPILER_GLOBAL_ACCENT_COLOR_NAME = AccentColor;
				CODE_SIGN_ENTITLEMENTS = XiaoToolKit/XiaoToolKit.entitlements;
				CODE_SIGN_STYLE = Automatic;
				COMBINE_HIDPI_IMAGES = YES;
				CURRENT_PROJECT_VERSION = 1;
				GENERATE_INFOPLIST_FILE = YES;
				INFOPLIST_KEY_NSHumanReadableCopyright = "";
				INFOPLIST_KEY_NSMainStoryboardFile = Main;
				INFOPLIST_KEY_NSPrincipalClass = NSApplication;
				LD_RUNPATH_SEARCH_PATHS = (
					"$(inherited)",
					"@executable_path/../Frameworks",
				);
				MARKETING_VERSION = 1.0;
				PRODUCT_BUNDLE_IDENTIFIER = com.xhl.XiaoToolKit;
				PRODUCT_NAME = "$(TARGET_NAME)";
				SWIFT_EMIT_LOC_STRINGS = YES;
			};
			name = Release;
		};
/* End XCBuildConfiguration section */

/* Begin XCConfigurationList section */
		DB2E03942CFDB13D006870E4 /* Build configuration list for PBXProject "XiaoToolKit" */ = {
			isa = XCConfigurationList;
			buildConfigurations = (
				DB2E03AA2CFDB13E006870E4 /* Debug */,
				DB2E03AB2CFDB13E006870E4 /* Release */,
			);
			defaultConfigurationIsVisible = 0;
			defaultConfigurationName = Release;
		};
		DB2E03AC2CFDB13E006870E4 /* Build configuration list for PBXNativeTarget "XiaoToolKit" */ = {
			isa = XCConfigurationList;
			buildConfigurations = (
				DB2E03AD2CFDB13E006870E4 /* Debug */,
				DB2E03AE2CFDB13E006870E4 /* Release */,
			);
			defaultConfigurationIsVisible = 0;
			defaultConfigurationName = Release;
		};
/* End XCConfigurationList section */
	};
	rootObject = DB2E03912CFDB13D006870E4 /* Project object */;
}
